
Microsoft Visual Studio Solution File, Format Version 12.00
# Visual Studio Version 17
VisualStudioVersion = 17.3.32819.101
MinimumVisualStudioVersion = 10.0.40219.1
Project("{FAE04EC0-301F-11D3-BF4B-00C04F79EFBC}") = "ExerciseComplex", "ExerciseComplex\ExerciseComplex.csproj", "{8F86D245-28D2-4F23-B0DC-88B41347A481}"
EndProject
Global
	GlobalSection(SolutionConfigurationPlatforms) = preSolution
		Debug|Any CPU = Debug|Any CPU
		Release|Any CPU = Release|Any CPU
	EndGlobalSection
	GlobalSection(ProjectConfigurationPlatforms) = postSolution
		{8F86D245-28D2-4F23-B0DC-88B41347A481}.Debug|Any CPU.ActiveCfg = Debug|Any CPU
		{8F86D245-28D2-4F23-B0DC-88B41347A481}.Debug|Any CPU.Build.0 = Debug|Any CPU
		{8F86D245-28D2-4F23-B0DC-88B41347A481}.Release|Any CPU.ActiveCfg = Release|Any CPU
		{8F86D245-28D2-4F23-B0DC-88B41347A481}.Release|Any CPU.Build.0 = Release|Any CPU
	EndGlobalSection
	GlobalSection(SolutionProperties) = preSolution
		HideSolutionNode = FALSE
	EndGlobalSection
	GlobalSection(ExtensibilityGlobals) = postSolution
		SolutionGuid = {DC6D4F64-2B32-47EC-965E-1ED78B8BE1C9}
	EndGlobalSection
EndGlobal
